
Microsoft Visual Studio Solution File, Format Version 12.00
# Visual Studio Version 18
VisualStudioVersion = 18.5.11801.241
MinimumVisualStudioVersion = 10.0.40219.1
Project("{FAE04EC0-301F-11D3-BF4B-00C04F79EFBC}") = "CardCollections.Domain", "src\CardCollections.Domain\CardCollections.Domain.csproj", "{08103293-8ED8-46C2-8296-CC1BA59B57FC}"
EndProject
Project("{FAE04EC0-301F-11D3-BF4B-00C04F79EFBC}") = "CardCollections.Application", "src\CardCollections.Application\CardCollections.Application.csproj", "{1FC1C431-3D87-590B-DAF2-40E594856079}"
EndProject
Project("{FAE04EC0-301F-11D3-BF4B-00C04F79EFBC}") = "CardCollections.Infrastructure", "src\CardCollections.Infrastructure\CardCollections.Infrastructure.csproj", "{87672BB3-FA2E-DCCC-60C4-3FEFBC2C2C95}"
EndProject
Global
	GlobalSection(SolutionConfigurationPlatforms) = preSolution
		Debug|Any CPU = Debug|Any CPU
		Release|Any CPU = Release|Any CPU
	EndGlobalSection
	GlobalSection(ProjectConfigurationPlatforms) = postSolution
		{08103293-8ED8-46C2-8296-CC1BA59B57FC}.Debug|Any CPU.ActiveCfg = Debug|Any CPU
		{08103293-8ED8-46C2-8296-CC1BA59B57FC}.Debug|Any CPU.Build.0 = Debug|Any CPU
		{08103293-8ED8-46C2-8296-CC1BA59B57FC}.Release|Any CPU.ActiveCfg = Release|Any CPU
		{08103293-8ED8-46C2-8296-CC1BA59B57FC}.Release|Any CPU.Build.0 = Release|Any CPU
		{1FC1C431-3D87-590B-DAF2-40E594856079}.Debug|Any CPU.ActiveCfg = Debug|Any CPU
		{1FC1C431-3D87-590B-DAF2-40E594856079}.Debug|Any CPU.Build.0 = Debug|Any CPU
		{1FC1C431-3D87-590B-DAF2-40E594856079}.Release|Any CPU.ActiveCfg = Release|Any CPU
		{1FC1C431-3D87-590B-DAF2-40E594856079}.Release|Any CPU.Build.0 = Release|Any CPU
		{87672BB3-FA2E-DCCC-60C4-3FEFBC2C2C95}.Debug|Any CPU.ActiveCfg = Debug|Any CPU
		{87672BB3-FA2E-DCCC-60C4-3FEFBC2C2C95}.Debug|Any CPU.Build.0 = Debug|Any CPU
		{87672BB3-FA2E-DCCC-60C4-3FEFBC2C2C95}.Release|Any CPU.ActiveCfg = Release|Any CPU
		{87672BB3-FA2E-DCCC-60C4-3FEFBC2C2C95}.Release|Any CPU.Build.0 = Release|Any CPU
	EndGlobalSection
	GlobalSection(SolutionProperties) = preSolution
		HideSolutionNode = FALSE
	EndGlobalSection
	GlobalSection(ExtensibilityGlobals) = postSolution
		SolutionGuid = {FD149A3E-E57C-43FF-A958-321E15DF613F}
	EndGlobalSection
EndGlobal
